
Microsoft Visual Studio Solution File, Format Version 12.00
# Visual Studio Version 17
VisualStudioVersion = 17.10.35013.160
MinimumVisualStudioVersion = 10.0.40219.1
Project("{FAE04EC0-301F-11D3-BF4B-00C04F79EFBC}") = "ConsoleApp4", "ConsoleApp4.csproj", "{40A489A4-DA14-43CA-A45D-B5D5F7D23625}"
EndProject
Project("{FAE04EC0-301F-11D3-BF4B-00C04F79EFBC}") = "WebApplication2", "..\WebApplication2\WebApplication2.csproj", "{EE86140F-4ACB-4591-B384-5490FC319D0D}"
EndProject
Global
	GlobalSection(SolutionConfigurationPlatforms) = preSolution
		Debug|Any CPU = Debug|Any CPU
		Release|Any CPU = Release|Any CPU
	EndGlobalSection
	GlobalSection(ProjectConfigurationPlatforms) = postSolution
		{40A489A4-DA14-43CA-A45D-B5D5F7D23625}.Debug|Any CPU.ActiveCfg = Debug|Any CPU
		{40A489A4-DA14-43CA-A45D-B5D5F7D23625}.Debug|Any CPU.Build.0 = Debug|Any CPU
		{40A489A4-DA14-43CA-A45D-B5D5F7D23625}.Release|Any CPU.ActiveCfg = Release|Any CPU
		{40A489A4-DA14-43CA-A45D-B5D5F7D23625}.Release|Any CPU.Build.0 = Release|Any CPU
		{EE86140F-4ACB-4591-B384-5490FC319D0D}.Debug|Any CPU.ActiveCfg = Debug|Any CPU
		{EE86140F-4ACB-4591-B384-5490FC319D0D}.Debug|Any CPU.Build.0 = Debug|Any CPU
		{EE86140F-4ACB-4591-B384-5490FC319D0D}.Release|Any CPU.ActiveCfg = Release|Any CPU
		{EE86140F-4ACB-4591-B384-5490FC319D0D}.Release|Any CPU.Build.0 = Release|Any CPU
	EndGlobalSection
	GlobalSection(SolutionProperties) = preSolution
		HideSolutionNode = FALSE
	EndGlobalSection
	GlobalSection(ExtensibilityGlobals) = postSolution
		SolutionGuid = {D6C0C12B-220B-4FB9-97F9-FDC05771911C}
	EndGlobalSection
EndGlobal
